
Microsoft Visual Studio Solution File, Format Version 12.00
# Visual Studio Version 17
VisualStudioVersion = 17.7.34302.85
MinimumVisualStudioVersion = 10.0.40219.1
Project("{9A19103F-16F7-4668-BE54-9A1E7A4F7556}") = "PPTXExportPlugin", "PPTXExportPlugin.csproj", "{280A2778-BD89-4253-A844-E1DAA69A267A}"
EndProject
Global
	GlobalSection(SolutionConfigurationPlatforms) = preSolution
		Debug|Any CPU = Debug|Any CPU
		Release|Any CPU = Release|Any CPU
	EndGlobalSection
	GlobalSection(ProjectConfigurationPlatforms) = postSolution
		{280A2778-BD89-4253-A844-E1DAA69A267A}.Debug|Any CPU.ActiveCfg = Debug|Any CPU
		{280A2778-BD89-4253-A844-E1DAA69A267A}.Debug|Any CPU.Build.0 = Debug|Any CPU
		{280A2778-BD89-4253-A844-E1DAA69A267A}.Release|Any CPU.ActiveCfg = Release|Any CPU
		{280A2778-BD89-4253-A844-E1DAA69A267A}.Release|Any CPU.Build.0 = Release|Any CPU
	EndGlobalSection
	GlobalSection(SolutionProperties) = preSolution
		HideSolutionNode = FALSE
	EndGlobalSection
	GlobalSection(ExtensibilityGlobals) = postSolution
		SolutionGuid = {CD018553-6810-4788-8A55-7E985BC26FAD}
	EndGlobalSection
EndGlobal
